
Microsoft Visual Studio Solution File, Format Version 12.00
# Visual Studio 2015
Project("{FAE04EC0-301F-11D3-BF4B-00C04F79EFBC}") = "Dynamix.Plugins", "Dynamix.Plugins.csproj", "{69EF734A-A3F8-9498-B9DD-52DA5892B927}"
EndProject
Project("{FAE04EC0-301F-11D3-BF4B-00C04F79EFBC}") = "Dynamix", "Dynamix.csproj", "{646151D7-62EF-8140-E976-163C274739B3}"
EndProject
Project("{FAE04EC0-301F-11D3-BF4B-00C04F79EFBC}") = "Dynamix.Editor.Plugins", "Dynamix.Editor.Plugins.csproj", "{56378704-A45D-3DC1-BB8B-5F69609EE0F0}"
EndProject
Global
	GlobalSection(SolutionConfigurationPlatforms) = preSolution
		Debug|Any CPU = Debug|Any CPU
		Release|Any CPU = Release|Any CPU
	EndGlobalSection
	GlobalSection(ProjectConfigurationPlatforms) = postSolution
		{69EF734A-A3F8-9498-B9DD-52DA5892B927}.Debug|Any CPU.ActiveCfg = Debug|Any CPU
		{69EF734A-A3F8-9498-B9DD-52DA5892B927}.Debug|Any CPU.Build.0 = Debug|Any CPU
		{69EF734A-A3F8-9498-B9DD-52DA5892B927}.Release|Any CPU.ActiveCfg = Release|Any CPU
		{69EF734A-A3F8-9498-B9DD-52DA5892B927}.Release|Any CPU.Build.0 = Release|Any CPU
		{646151D7-62EF-8140-E976-163C274739B3}.Debug|Any CPU.ActiveCfg = Debug|Any CPU
		{646151D7-62EF-8140-E976-163C274739B3}.Debug|Any CPU.Build.0 = Debug|Any CPU
		{646151D7-62EF-8140-E976-163C274739B3}.Release|Any CPU.ActiveCfg = Release|Any CPU
		{646151D7-62EF-8140-E976-163C274739B3}.Release|Any CPU.Build.0 = Release|Any CPU
		{56378704-A45D-3DC1-BB8B-5F69609EE0F0}.Debug|Any CPU.ActiveCfg = Debug|Any CPU
		{56378704-A45D-3DC1-BB8B-5F69609EE0F0}.Debug|Any CPU.Build.0 = Debug|Any CPU
		{56378704-A45D-3DC1-BB8B-5F69609EE0F0}.Release|Any CPU.ActiveCfg = Release|Any CPU
		{56378704-A45D-3DC1-BB8B-5F69609EE0F0}.Release|Any CPU.Build.0 = Release|Any CPU
	EndGlobalSection
	GlobalSection(SolutionProperties) = preSolution
		HideSolutionNode = FALSE
	EndGlobalSection
EndGlobal
